
Microsoft Visual Studio Solution File, Format Version 12.00
# Visual Studio Version 17
VisualStudioVersion = 17.4.33122.133
MinimumVisualStudioVersion = 10.0.40219.1
Project("{FAE04EC0-301F-11D3-BF4B-00C04F79EFBC}") = "ACD_lab2", "ACD_lab2.csproj", "{5B20C1DD-361E-4545-8638-2878C148FC9A}"
EndProject
Project("{FAE04EC0-301F-11D3-BF4B-00C04F79EFBC}") = "ACD_lab3", "..\ACD_lab3\ACD_lab3.csproj", "{2EE50FB6-B48B-4A45-952C-4BE71A428B29}"
EndProject
Project("{FAE04EC0-301F-11D3-BF4B-00C04F79EFBC}") = "ACD_lab4", "..\ACD_lab4\ACD_lab4.csproj", "{65863E08-797A-44BC-A857-9130353CEACE}"
EndProject
Project("{FAE04EC0-301F-11D3-BF4B-00C04F79EFBC}") = "ACD_lab5", "..\ACD_lab5\ACD_lab5.csproj", "{9144643E-8630-4CD9-84B0-AFD4E99534D8}"
EndProject
Project("{FAE04EC0-301F-11D3-BF4B-00C04F79EFBC}") = "ACD_lab7", "..\ACD_lab7\ACD_lab7.csproj", "{2328E8AA-9B13-4248-804F-B84A6CCE550C}"
EndProject
Project("{FAE04EC0-301F-11D3-BF4B-00C04F79EFBC}") = "ACD_lab8", "..\ACD_lab8\ACD_lab8.csproj", "{EA635FF7-1BDD-4A7F-9DA2-3AFC060A1681}"
EndProject
Project("{FAE04EC0-301F-11D3-BF4B-00C04F79EFBC}") = "ACD_lab9", "..\ACD_lab9\ACD_lab9.csproj", "{57D519B5-7BE3-43F7-AB2C-0A9DDF47FF83}"
EndProject
Project("{FAE04EC0-301F-11D3-BF4B-00C04F79EFBC}") = "ACD_lab10", "..\ACD_lab10\ACD_lab10.csproj", "{F02D083C-21FB-47F0-B8E4-75FB40C3719B}"
EndProject
Project("{FAE04EC0-301F-11D3-BF4B-00C04F79EFBC}") = "ACD_lab11", "..\ACD_lab11\ACD_lab11.csproj", "{C4764ED2-7CBB-4F1F-BB39-AB6EA284F77B}"
EndProject
Global
	GlobalSection(SolutionConfigurationPlatforms) = preSolution
		Debug|Any CPU = Debug|Any CPU
		Debug|x64 = Debug|x64
		Debug|x86 = Debug|x86
		Release|Any CPU = Release|Any CPU
		Release|x64 = Release|x64
		Release|x86 = Release|x86
	EndGlobalSection
	GlobalSection(ProjectConfigurationPlatforms) = postSolution
		{5B20C1DD-361E-4545-8638-2878C148FC9A}.Debug|Any CPU.ActiveCfg = Debug|Any CPU
		{5B20C1DD-361E-4545-8638-2878C148FC9A}.Debug|Any CPU.Build.0 = Debug|Any CPU
		{5B20C1DD-361E-4545-8638-2878C148FC9A}.Debug|x64.ActiveCfg = Debug|Any CPU
		{5B20C1DD-361E-4545-8638-2878C148FC9A}.Debug|x64.Build.0 = Debug|Any CPU
		{5B20C1DD-361E-4545-8638-2878C148FC9A}.Debug|x86.ActiveCfg = Debug|Any CPU
		{5B20C1DD-361E-4545-8638-2878C148FC9A}.Debug|x86.Build.0 = Debug|Any CPU
		{5B20C1DD-361E-4545-8638-2878C148FC9A}.Release|Any CPU.ActiveCfg = Release|Any CPU
		{5B20C1DD-361E-4545-8638-2878C148FC9A}.Release|Any CPU.Build.0 = Release|Any CPU
		{5B20C1DD-361E-4545-8638-2878C148FC9A}.Release|x64.ActiveCfg = Release|Any CPU
		{5B20C1DD-361E-4545-8638-2878C148FC9A}.Release|x64.Build.0 = Release|Any CPU
		{5B20C1DD-361E-4545-8638-2878C148FC9A}.Release|x86.ActiveCfg = Release|Any CPU
		{5B20C1DD-361E-4545-8638-2878C148FC9A}.Release|x86.Build.0 = Release|Any CPU
		{2EE50FB6-B48B-4A45-952C-4BE71A428B29}.Debug|Any CPU.ActiveCfg = Debug|Any CPU
		{2EE50FB6-B48B-4A45-952C-4BE71A428B29}.Debug|Any CPU.Build.0 = Debug|Any CPU
		{2EE50FB6-B48B-4A45-952C-4BE71A428B29}.Debug|x64.ActiveCfg = Debug|Any CPU
		{2EE50FB6-B48B-4A45-952C-4BE71A428B29}.Debug|x64.Build.0 = Debug|Any CPU
		{2EE50FB6-B48B-4A45-952C-4BE71A428B29}.Debug|x86.ActiveCfg = Debug|Any CPU
		{2EE50FB6-B48B-4A45-952C-4BE71A428B29}.Debug|x86.Build.0 = Debug|Any CPU
		{2EE50FB6-B48B-4A45-952C-4BE71A428B29}.Release|Any CPU.ActiveCfg = Release|Any CPU
		{2EE50FB6-B48B-4A45-952C-4BE71A428B29}.Release|Any CPU.Build.0 = Release|Any CPU
		{2EE50FB6-B48B-4A45-952C-4BE71A428B29}.Release|x64.ActiveCfg = Release|Any CPU
		{2EE50FB6-B48B-4A45-952C-4BE71A428B29}.Release|x64.Build.0 = Release|Any CPU
		{2EE50FB6-B48B-4A45-952C-4BE71A428B29}.Release|x86.ActiveCfg = Release|Any CPU
		{2EE50FB6-B48B-4A45-952C-4BE71A428B29}.Release|x86.Build.0 = Release|Any CPU
		{65863E08-797A-44BC-A857-9130353CEACE}.Debug|Any CPU.ActiveCfg = Debug|Any CPU
		{65863E08-797A-44BC-A857-9130353CEACE}.Debug|Any CPU.Build.0 = Debug|Any CPU
		{65863E08-797A-44BC-A857-9130353CEACE}.Debug|x64.ActiveCfg = Debug|Any CPU
		{65863E08-797A-44BC-A857-9130353CEACE}.Debug|x64.Build.0 = Debug|Any CPU
		{65863E08-797A-44BC-A857-9130353CEACE}.Debug|x86.ActiveCfg = Debug|Any CPU
		{65863E08-797A-44BC-A857-9130353CEACE}.Debug|x86.Build.0 = Debug|Any CPU
		{65863E08-797A-44BC-A857-9130353CEACE}.Release|Any CPU.ActiveCfg = Release|Any CPU
		{65863E08-797A-44BC-A857-9130353CEACE}.Release|Any CPU.Build.0 = Release|Any CPU
		{65863E08-797A-44BC-A857-9130353CEACE}.Release|x64.ActiveCfg = Release|Any CPU
		{65863E08-797A-44BC-A857-9130353CEACE}.Release|x64.Build.0 = Release|Any CPU
		{65863E08-797A-44BC-A857-9130353CEACE}.Release|x86.ActiveCfg = Release|Any CPU
		{65863E08-797A-44BC-A857-9130353CEACE}.Release|x86.Build.0 = Release|Any CPU
		{9144643E-8630-4CD9-84B0-AFD4E99534D8}.Debug|Any CPU.ActiveCfg = Debug|Any CPU
		{9144643E-8630-4CD9-84B0-AFD4E99534D8}.Debug|Any CPU.Build.0 = Debug|Any CPU
		{9144643E-8630-4CD9-84B0-AFD4E99534D8}.Debug|x64.ActiveCfg = Debug|Any CPU
		{9144643E-8630-4CD9-84B0-AFD4E99534D8}.Debug|x64.Build.0 = Debug|Any CPU
		{9144643E-8630-4CD9-84B0-AFD4E99534D8}.Debug|x86.ActiveCfg = Debug|Any CPU
		{9144643E-8630-4CD9-84B0-AFD4E99534D8}.Debug|x86.Build.0 = Debug|Any CPU
		{9144643E-8630-4CD9-84B0-AFD4E99534D8}.Release|Any CPU.ActiveCfg = Release|Any CPU
		{9144643E-8630-4CD9-84B0-AFD4E99534D8}.Release|Any CPU.Build.0 = Release|Any CPU
		{9144643E-8630-4CD9-84B0-AFD4E99534D8}.Release|x64.ActiveCfg = Release|Any CPU
		{9144643E-8630-4CD9-84B0-AFD4E99534D8}.Release|x64.Build.0 = Release|Any CPU
		{9144643E-8630-4CD9-84B0-AFD4E99534D8}.Release|x86.ActiveCfg = Release|Any CPU
		{9144643E-8630-4CD9-84B0-AFD4E99534D8}.Release|x86.Build.0 = Release|Any CPU
		{2328E8AA-9B13-4248-804F-B84A6CCE550C}.Debug|Any CPU.ActiveCfg = Debug|Any CPU
		{2328E8AA-9B13-4248-804F-B84A6CCE550C}.Debug|Any CPU.Build.0 = Debug|Any CPU
		{2328E8AA-9B13-4248-804F-B84A6CCE550C}.Debug|x64.ActiveCfg = Debug|Any CPU
		{2328E8AA-9B13-4248-804F-B84A6CCE550C}.Debug|x64.Build.0 = Debug|Any CPU
		{2328E8AA-9B13-4248-804F-B84A6CCE550C}.Debug|x86.ActiveCfg = Debug|Any CPU
		{2328E8AA-9B13-4248-804F-B84A6CCE550C}.Debug|x86.Build.0 = Debug|Any CPU
		{2328E8AA-9B13-4248-804F-B84A6CCE550C}.Release|Any CPU.ActiveCfg = Release|Any CPU
		{2328E8AA-9B13-4248-804F-B84A6CCE550C}.Release|Any CPU.Build.0 = Release|Any CPU
		{2328E8AA-9B13-4248-804F-B84A6CCE550C}.Release|x64.ActiveCfg = Release|Any CPU
		{2328E8AA-9B13-4248-804F-B84A6CCE550C}.Release|x64.Build.0 = Release|Any CPU
		{2328E8AA-9B13-4248-804F-B84A6CCE550C}.Release|x86.ActiveCfg = Release|Any CPU
		{2328E8AA-9B13-4248-804F-B84A6CCE550C}.Release|x86.Build.0 = Release|Any CPU
		{EA635FF7-1BDD-4A7F-9DA2-3AFC060A1681}.Debug|Any CPU.ActiveCfg = Debug|Any CPU
		{EA635FF7-1BDD-4A7F-9DA2-3AFC060A1681}.Debug|Any CPU.Build.0 = Debug|Any CPU
		{EA635FF7-1BDD-4A7F-9DA2-3AFC060A1681}.Debug|x64.ActiveCfg = Debug|Any CPU
		{EA635FF7-1BDD-4A7F-9DA2-3AFC060A1681}.Debug|x64.Build.0 = Debug|Any CPU
		{EA635FF7-1BDD-4A7F-9DA2-3AFC060A1681}.Debug|x86.ActiveCfg = Debug|Any CPU
		{EA635FF7-1BDD-4A7F-9DA2-3AFC060A1681}.Debug|x86.Build.0 = Debug|Any CPU
		{EA635FF7-1BDD-4A7F-9DA2-3AFC060A1681}.Release|Any CPU.ActiveCfg = Release|Any CPU
		{EA635FF7-1BDD-4A7F-9DA2-3AFC060A1681}.Release|Any CPU.Build.0 = Release|Any CPU
		{EA635FF7-1BDD-4A7F-9DA2-3AFC060A1681}.Release|x64.ActiveCfg = Release|Any CPU
		{EA635FF7-1BDD-4A7F-9DA2-3AFC060A1681}.Release|x64.Build.0 = Release|Any CPU
		{EA635FF7-1BDD-4A7F-9DA2-3AFC060A1681}.Release|x86.ActiveCfg = Release|Any CPU
		{EA635FF7-1BDD-4A7F-9DA2-3AFC060A1681}.Release|x86.Build.0 = Release|Any CPU
		{57D519B5-7BE3-43F7-AB2C-0A9DDF47FF83}.Debug|Any CPU.ActiveCfg = Debug|Any CPU
		{57D519B5-7BE3-43F7-AB2C-0A9DDF47FF83}.Debug|Any CPU.Build.0 = Debug|Any CPU
		{57D519B5-7BE3-43F7-AB2C-0A9DDF47FF83}.Debug|x64.ActiveCfg = Debug|Any CPU
		{57D519B5-7BE3-43F7-AB2C-0A9DDF47FF83}.Debug|x64.Build.0 = Debug|Any CPU
		{57D519B5-7BE3-43F7-AB2C-0A9DDF47FF83}.Debug|x86.ActiveCfg = Debug|Any CPU
		{57D519B5-7BE3-43F7-AB2C-0A9DDF47FF83}.Debug|x86.Build.0 = Debug|Any CPU
		{57D519B5-7BE3-43F7-AB2C-0A9DDF47FF83}.Release|Any CPU.ActiveCfg = Release|Any CPU
		{57D519B5-7BE3-43F7-AB2C-0A9DDF47FF83}.Release|Any CPU.Build.0 = Release|Any CPU
		{57D519B5-7BE3-43F7-AB2C-0A9DDF47FF83}.Release|x64.ActiveCfg = Release|Any CPU
		{57D519B5-7BE3-43F7-AB2C-0A9DDF47FF83}.Release|x64.Build.0 = Release|Any CPU
		{57D519B5-7BE3-43F7-AB2C-0A9DDF47FF83}.Release|x86.ActiveCfg = Release|Any CPU
		{57D519B5-7BE3-43F7-AB2C-0A9DDF47FF83}.Release|x86.Build.0 = Release|Any CPU
		{F02D083C-21FB-47F0-B8E4-75FB40C3719B}.Debug|Any CPU.ActiveCfg = Debug|Any CPU
		{F02D083C-21FB-47F0-B8E4-75FB40C3719B}.Debug|Any CPU.Build.0 = Debug|Any CPU
		{F02D083C-21FB-47F0-B8E4-75FB40C3719B}.Debug|x64.ActiveCfg = Debug|Any CPU
		{F02D083C-21FB-47F0-B8E4-75FB40C3719B}.Debug|x64.Build.0 = Debug|Any CPU
		{F02D083C-21FB-47F0-B8E4-75FB40C3719B}.Debug|x86.ActiveCfg = Debug|Any CPU
		{F02D083C-21FB-47F0-B8E4-75FB40C3719B}.Debug|x86.Build.0 = Debug|Any CPU
		{F02D083C-21FB-47F0-B8E4-75FB40C3719B}.Release|Any CPU.ActiveCfg = Release|Any CPU
		{F02D083C-21FB-47F0-B8E4-75FB40C3719B}.Release|Any CPU.Build.0 = Release|Any CPU
		{F02D083C-21FB-47F0-B8E4-75FB40C3719B}.Release|x64.ActiveCfg = Release|Any CPU
		{F02D083C-21FB-47F0-B8E4-75FB40C3719B}.Release|x64.Build.0 = Release|Any CPU
		{F02D083C-21FB-47F0-B8E4-75FB40C3719B}.Release|x86.ActiveCfg = Release|Any CPU
		{F02D083C-21FB-47F0-B8E4-75FB40C3719B}.Release|x86.Build.0 = Release|Any CPU
		{C4764ED2-7CBB-4F1F-BB39-AB6EA284F77B}.Debug|Any CPU.ActiveCfg = Debug|Any CPU
		{C4764ED2-7CBB-4F1F-BB39-AB6EA284F77B}.Debug|Any CPU.Build.0 = Debug|Any CPU
		{C4764ED2-7CBB-4F1F-BB39-AB6EA284F77B}.Debug|x64.ActiveCfg = Debug|Any CPU
		{C4764ED2-7CBB-4F1F-BB39-AB6EA284F77B}.Debug|x64.Build.0 = Debug|Any CPU
		{C4764ED2-7CBB-4F1F-BB39-AB6EA284F77B}.Debug|x86.ActiveCfg = Debug|Any CPU
		{C4764ED2-7CBB-4F1F-BB39-AB6EA284F77B}.Debug|x86.Build.0 = Debug|Any CPU
		{C4764ED2-7CBB-4F1F-BB39-AB6EA284F77B}.Release|Any CPU.ActiveCfg = Release|Any CPU
		{C4764ED2-7CBB-4F1F-BB39-AB6EA284F77B}.Release|Any CPU.Build.0 = Release|Any CPU
		{C4764ED2-7CBB-4F1F-BB39-AB6EA284F77B}.Release|x64.ActiveCfg = Release|Any CPU
		{C4764ED2-7CBB-4F1F-BB39-AB6EA284F77B}.Release|x64.Build.0 = Release|Any CPU
		{C4764ED2-7CBB-4F1F-BB39-AB6EA284F77B}.Release|x86.ActiveCfg = Release|Any CPU
		{C4764ED2-7CBB-4F1F-BB39-AB6EA284F77B}.Release|x86.Build.0 = Release|Any CPU
	EndGlobalSection
	GlobalSection(SolutionProperties) = preSolution
		HideSolutionNode = FALSE
	EndGlobalSection
	GlobalSection(ExtensibilityGlobals) = postSolution
		SolutionGuid = {614BD5CA-2C26-478A-BFE4-9CAF605C8252}
	EndGlobalSection
EndGlobal
